
Microsoft Visual Studio Solution File, Format Version 12.00
# Visual Studio Version 16
VisualStudioVersion = 16.6.30114.105
MinimumVisualStudioVersion = 10.0.40219.1
Project("{2150E333-8FDC-42A3-9474-1A3956D46DE8}") = "src", "src", "{52397C69-2244-491F-B452-5DD4A5806395}"
EndProject
Project("{FAE04EC0-301F-11D3-BF4B-00C04F79EFBC}") = "Market.API", "src\Market.API\Market.API.csproj", "{2D786695-0B45-4C91-BECF-43986FB8E095}"
EndProject
Project("{FAE04EC0-301F-11D3-BF4B-00C04F79EFBC}") = "Market.Domain", "src\Market.Domain\Market.Domain.csproj", "{179770B6-C530-4138-9B67-D6DF4804B69D}"
EndProject
Project("{FAE04EC0-301F-11D3-BF4B-00C04F79EFBC}") = "Market.Infra", "src\Market.Infra\Market.Infra.csproj", "{095006A1-A7A2-405C-A430-D3145C8AB6D6}"
EndProject
Project("{2150E333-8FDC-42A3-9474-1A3956D46DE8}") = "test", "test", "{762A744E-02EC-4087-93C8-F64C78A93F40}"
EndProject
Project("{FAE04EC0-301F-11D3-BF4B-00C04F79EFBC}") = "Market.Unit.Tests", "test\Market.Unit.Tests\Market.Unit.Tests.csproj", "{8766B287-FF4D-417E-917D-3095054E5607}"
EndProject
Project("{FAE04EC0-301F-11D3-BF4B-00C04F79EFBC}") = "Market.Integration.Tests", "test\Market.Integration.Tests\Market.Integration.Tests.csproj", "{830E5C77-ED2F-4DCC-8D8C-B58B5398A723}"
EndProject
Global
	GlobalSection(SolutionConfigurationPlatforms) = preSolution
		Debug|Any CPU = Debug|Any CPU
		Debug|x64 = Debug|x64
		Debug|x86 = Debug|x86
		Release|Any CPU = Release|Any CPU
		Release|x64 = Release|x64
		Release|x86 = Release|x86
	EndGlobalSection
	GlobalSection(SolutionProperties) = preSolution
		HideSolutionNode = FALSE
	EndGlobalSection
	GlobalSection(ProjectConfigurationPlatforms) = postSolution
		{2D786695-0B45-4C91-BECF-43986FB8E095}.Debug|Any CPU.ActiveCfg = Debug|Any CPU
		{2D786695-0B45-4C91-BECF-43986FB8E095}.Debug|Any CPU.Build.0 = Debug|Any CPU
		{2D786695-0B45-4C91-BECF-43986FB8E095}.Debug|x64.ActiveCfg = Debug|Any CPU
		{2D786695-0B45-4C91-BECF-43986FB8E095}.Debug|x64.Build.0 = Debug|Any CPU
		{2D786695-0B45-4C91-BECF-43986FB8E095}.Debug|x86.ActiveCfg = Debug|Any CPU
		{2D786695-0B45-4C91-BECF-43986FB8E095}.Debug|x86.Build.0 = Debug|Any CPU
		{2D786695-0B45-4C91-BECF-43986FB8E095}.Release|Any CPU.ActiveCfg = Release|Any CPU
		{2D786695-0B45-4C91-BECF-43986FB8E095}.Release|Any CPU.Build.0 = Release|Any CPU
		{2D786695-0B45-4C91-BECF-43986FB8E095}.Release|x64.ActiveCfg = Release|Any CPU
		{2D786695-0B45-4C91-BECF-43986FB8E095}.Release|x64.Build.0 = Release|Any CPU
		{2D786695-0B45-4C91-BECF-43986FB8E095}.Release|x86.ActiveCfg = Release|Any CPU
		{2D786695-0B45-4C91-BECF-43986FB8E095}.Release|x86.Build.0 = Release|Any CPU
		{179770B6-C530-4138-9B67-D6DF4804B69D}.Debug|Any CPU.ActiveCfg = Debug|Any CPU
		{179770B6-C530-4138-9B67-D6DF4804B69D}.Debug|Any CPU.Build.0 = Debug|Any CPU
		{179770B6-C530-4138-9B67-D6DF4804B69D}.Debug|x64.ActiveCfg = Debug|Any CPU
		{179770B6-C530-4138-9B67-D6DF4804B69D}.Debug|x64.Build.0 = Debug|Any CPU
		{179770B6-C530-4138-9B67-D6DF4804B69D}.Debug|x86.ActiveCfg = Debug|Any CPU
		{179770B6-C530-4138-9B67-D6DF4804B69D}.Debug|x86.Build.0 = Debug|Any CPU
		{179770B6-C530-4138-9B67-D6DF4804B69D}.Release|Any CPU.ActiveCfg = Release|Any CPU
		{179770B6-C530-4138-9B67-D6DF4804B69D}.Release|Any CPU.Build.0 = Release|Any CPU
		{179770B6-C530-4138-9B67-D6DF4804B69D}.Release|x64.ActiveCfg = Release|Any CPU
		{179770B6-C530-4138-9B67-D6DF4804B69D}.Release|x64.Build.0 = Release|Any CPU
		{179770B6-C530-4138-9B67-D6DF4804B69D}.Release|x86.ActiveCfg = Release|Any CPU
		{179770B6-C530-4138-9B67-D6DF4804B69D}.Release|x86.Build.0 = Release|Any CPU
		{095006A1-A7A2-405C-A430-D3145C8AB6D6}.Debug|Any CPU.ActiveCfg = Debug|Any CPU
		{095006A1-A7A2-405C-A430-D3145C8AB6D6}.Debug|Any CPU.Build.0 = Debug|Any CPU
		{095006A1-A7A2-405C-A430-D3145C8AB6D6}.Debug|x64.ActiveCfg = Debug|Any CPU
		{095006A1-A7A2-405C-A430-D3145C8AB6D6}.Debug|x64.Build.0 = Debug|Any CPU
		{095006A1-A7A2-405C-A430-D3145C8AB6D6}.Debug|x86.ActiveCfg = Debug|Any CPU
		{095006A1-A7A2-405C-A430-D3145C8AB6D6}.Debug|x86.Build.0 = Debug|Any CPU
		{095006A1-A7A2-405C-A430-D3145C8AB6D6}.Release|Any CPU.ActiveCfg = Release|Any CPU
		{095006A1-A7A2-405C-A430-D3145C8AB6D6}.Release|Any CPU.Build.0 = Release|Any CPU
		{095006A1-A7A2-405C-A430-D3145C8AB6D6}.Release|x64.ActiveCfg = Release|Any CPU
		{095006A1-A7A2-405C-A430-D3145C8AB6D6}.Release|x64.Build.0 = Release|Any CPU
		{095006A1-A7A2-405C-A430-D3145C8AB6D6}.Release|x86.ActiveCfg = Release|Any CPU
		{095006A1-A7A2-405C-A430-D3145C8AB6D6}.Release|x86.Build.0 = Release|Any CPU
		{8766B287-FF4D-417E-917D-3095054E5607}.Debug|Any CPU.ActiveCfg = Debug|Any CPU
		{8766B287-FF4D-417E-917D-3095054E5607}.Debug|Any CPU.Build.0 = Debug|Any CPU
		{8766B287-FF4D-417E-917D-3095054E5607}.Debug|x64.ActiveCfg = Debug|Any CPU
		{8766B287-FF4D-417E-917D-3095054E5607}.Debug|x64.Build.0 = Debug|Any CPU
		{8766B287-FF4D-417E-917D-3095054E5607}.Debug|x86.ActiveCfg = Debug|Any CPU
		{8766B287-FF4D-417E-917D-3095054E5607}.Debug|x86.Build.0 = Debug|Any CPU
		{8766B287-FF4D-417E-917D-3095054E5607}.Release|Any CPU.ActiveCfg = Release|Any CPU
		{8766B287-FF4D-417E-917D-3095054E5607}.Release|Any CPU.Build.0 = Release|Any CPU
		{8766B287-FF4D-417E-917D-3095054E5607}.Release|x64.ActiveCfg = Release|Any CPU
		{8766B287-FF4D-417E-917D-3095054E5607}.Release|x64.Build.0 = Release|Any CPU
		{8766B287-FF4D-417E-917D-3095054E5607}.Release|x86.ActiveCfg = Release|Any CPU
		{8766B287-FF4D-417E-917D-3095054E5607}.Release|x86.Build.0 = Release|Any CPU
		{830E5C77-ED2F-4DCC-8D8C-B58B5398A723}.Debug|Any CPU.ActiveCfg = Debug|Any CPU
		{830E5C77-ED2F-4DCC-8D8C-B58B5398A723}.Debug|Any CPU.Build.0 = Debug|Any CPU
		{830E5C77-ED2F-4DCC-8D8C-B58B5398A723}.Debug|x64.ActiveCfg = Debug|Any CPU
		{830E5C77-ED2F-4DCC-8D8C-B58B5398A723}.Debug|x64.Build.0 = Debug|Any CPU
		{830E5C77-ED2F-4DCC-8D8C-B58B5398A723}.Debug|x86.ActiveCfg = Debug|Any CPU
		{830E5C77-ED2F-4DCC-8D8C-B58B5398A723}.Debug|x86.Build.0 = Debug|Any CPU
		{830E5C77-ED2F-4DCC-8D8C-B58B5398A723}.Release|Any CPU.ActiveCfg = Release|Any CPU
		{830E5C77-ED2F-4DCC-8D8C-B58B5398A723}.Release|Any CPU.Build.0 = Release|Any CPU
		{830E5C77-ED2F-4DCC-8D8C-B58B5398A723}.Release|x64.ActiveCfg = Release|Any CPU
		{830E5C77-ED2F-4DCC-8D8C-B58B5398A723}.Release|x64.Build.0 = Release|Any CPU
		{830E5C77-ED2F-4DCC-8D8C-B58B5398A723}.Release|x86.ActiveCfg = Release|Any CPU
		{830E5C77-ED2F-4DCC-8D8C-B58B5398A723}.Release|x86.Build.0 = Release|Any CPU
	EndGlobalSection
	GlobalSection(NestedProjects) = preSolution
		{2D786695-0B45-4C91-BECF-43986FB8E095} = {52397C69-2244-491F-B452-5DD4A5806395}
		{179770B6-C530-4138-9B67-D6DF4804B69D} = {52397C69-2244-491F-B452-5DD4A5806395}
		{095006A1-A7A2-405C-A430-D3145C8AB6D6} = {52397C69-2244-491F-B452-5DD4A5806395}
		{8766B287-FF4D-417E-917D-3095054E5607} = {762A744E-02EC-4087-93C8-F64C78A93F40}
		{830E5C77-ED2F-4DCC-8D8C-B58B5398A723} = {762A744E-02EC-4087-93C8-F64C78A93F40}
	EndGlobalSection
EndGlobal
